// !$*UTF8*$!
{
	archiveVersion = 1;
	classes = {
	};
	objectVersion = 50;
	objects = {

/* Begin PBXBuildFile section */
		8A0923F924ABC7B400018F12 /* AppDelegate.swift in Sources */ = {isa = PBXBuildFile; fileRef = 8A0923F824ABC7B400018F12 /* AppDelegate.swift */; };
		8A0923FB24ABC7B400018F12 /* SceneDelegate.swift in Sources */ = {isa = PBXBuildFile; fileRef = 8A0923FA24ABC7B400018F12 /* SceneDelegate.swift */; };
		8A0923FD24ABC7B400018F12 /* ContentView.swift in Sources */ = {isa = PBXBuildFile; fileRef = 8A0923FC24ABC7B400018F12 /* ContentView.swift */; };
		8A0923FF24ABC7B600018F12 /* Assets.xcassets in Resources */ = {isa = PBXBuildFile; fileRef = 8A0923FE24ABC7B600018F12 /* Assets.xcassets */; };
		8A09240224ABC7B600018F12 /* Preview Assets.xcassets in Resources */ = {isa = PBXBuildFile; fileRef = 8A09240124ABC7B600018F12 /* Preview Assets.xcassets */; };
		8A09240524ABC7B600018F12 /* LaunchScreen.storyboard in Resources */ = {isa = PBXBuildFile; fileRef = 8A09240324ABC7B600018F12 /* LaunchScreen.storyboard */; };
		8A09241024ABC7B700018F12 /* LocationSearchTests.swift in Sources */ = {isa = PBXBuildFile; fileRef = 8A09240F24ABC7B700018F12 /* LocationSearchTests.swift */; };
		8A09241B24ABC86000018F12 /* LocationService.swift in Sources */ = {isa = PBXBuildFile; fileRef = 8A09241A24ABC86000018F12 /* LocationService.swift */; };
		8A3E361D24AD781900BA8DCA /* Readme.md in Resources */ = {isa = PBXBuildFile; fileRef = 8A3E361C24AD781900BA8DCA /* Readme.md */; };
/* End PBXBuildFile section */

/* Begin PBXContainerItemProxy section */
		8A09240C24ABC7B700018F12 /* PBXContainerItemProxy */ = {
			isa = PBXContainerItemProxy;
			containerPortal = 8A0923ED24ABC7B400018F12 /* Project object */;
			proxyType = 1;
			remoteGlobalIDString = 8A0923F424ABC7B400018F12;
			remoteInfo = LocationSearch;
		};
/* End PBXContainerItemProxy section */

/* Begin PBXFileReference section */
		8A0923F524ABC7B400018F12 /* LocationSearch.app */ = {isa = PBXFileReference; explicitFileType = wrapper.application; includeInIndex = 0; path = LocationSearch.app; sourceTree = BUILT_PRODUCTS_DIR; };
		8A0923F824ABC7B400018F12 /* AppDelegate.swift */ = {isa = PBXFileReference; lastKnownFileType = sourcecode.swift; path = AppDelegate.swift; sourceTree = "<group>"; };
		8A0923FA24ABC7B400018F12 /* SceneDelegate.swift */ = {isa = PBXFileReference; lastKnownFileType = sourcecode.swift; path = SceneDelegate.swift; sourceTree = "<group>"; };
		8A0923FC24ABC7B400018F12 /* ContentView.swift */ = {isa = PBXFileReference; lastKnownFileType = sourcecode.swift; path = ContentView.swift; sourceTree = "<group>"; };
		8A0923FE24ABC7B600018F12 /* Assets.xcassets */ = {isa = PBXFileReference; lastKnownFileType = folder.assetcatalog; path = Assets.xcassets; sourceTree = "<group>"; };
		8A09240124ABC7B600018F12 /* Preview Assets.xcassets */ = {isa = PBXFileReference; lastKnownFileType = folder.assetcatalog; path = "Preview Assets.xcassets"; sourceTree = "<group>"; };
		8A09240424ABC7B600018F12 /* Base */ = {isa = PBXFileReference; lastKnownFileType = file.storyboard; name = Base; path = Base.lproj/LaunchScreen.storyboard; sourceTree = "<group>"; };
		8A09240624ABC7B600018F12 /* Info.plist */ = {isa = PBXFileReference; lastKnownFileType = text.plist.xml; path = Info.plist; sourceTree = "<group>"; };
		8A09240B24ABC7B700018F12 /* LocationSearchTests.xctest */ = {isa = PBXFileReference; explicitFileType = wrapper.cfbundle; includeInIndex = 0; path = LocationSearchTests.xctest; sourceTree = BUILT_PRODUCTS_DIR; };
		8A09240F24ABC7B700018F12 /* LocationSearchTests.swift */ = {isa = PBXFileReference; lastKnownFileType = sourcecode.swift; path = LocationSearchTests.swift; sourceTree = "<group>"; };
		8A09241124ABC7B700018F12 /* Info.plist */ = {isa = PBXFileReference; lastKnownFileType = text.plist.xml; path = Info.plist; sourceTree = "<group>"; };
		8A09241A24ABC86000018F12 /* LocationService.swift */ = {isa = PBXFileReference; lastKnownFileType = sourcecode.swift; path = LocationService.swift; sourceTree = "<group>"; };
		8A3E361C24AD781900BA8DCA /* Readme.md */ = {isa = PBXFileReference; lastKnownFileType = net.daringfireball.markdown; path = Readme.md; sourceTree = "<group>"; };
/* End PBXFileReference section */

/* Begin PBXFrameworksBuildPhase section */
		8A0923F224ABC7B400018F12 /* Frameworks */ = {
			isa = PBXFrameworksBuildPhase;
			buildActionMask = 2147483647;
			files = (
			);
			runOnlyForDeploymentPostprocessing = 0;
		};
		8A09240824ABC7B700018F12 /* Frameworks */ = {
			isa = PBXFrameworksBuildPhase;
			buildActionMask = 2147483647;
			files = (
			);
			runOnlyForDeploymentPostprocessing = 0;
		};
/* End PBXFrameworksBuildPhase section */

/* Begin PBXGroup section */
		8A0923EC24ABC7B400018F12 = {
			isa = PBXGroup;
			children = (
				8A3E361C24AD781900BA8DCA /* Readme.md */,
				8A0923F724ABC7B400018F12 /* LocationSearch */,
				8A09240E24ABC7B700018F12 /* LocationSearchTests */,
				8A0923F624ABC7B400018F12 /* Products */,
			);
			sourceTree = "<group>";
		};
		8A0923F624ABC7B400018F12 /* Products */ = {
			isa = PBXGroup;
			children = (
				8A0923F524ABC7B400018F12 /* LocationSearch.app */,
				8A09240B24ABC7B700018F12 /* LocationSearchTests.xctest */,
			);
			name = Products;
			sourceTree = "<group>";
		};
		8A0923F724ABC7B400018F12 /* LocationSearch */ = {
			isa = PBXGroup;
			children = (
				8A0923F824ABC7B400018F12 /* AppDelegate.swift */,
				8A0923FA24ABC7B400018F12 /* SceneDelegate.swift */,
				8A0923FC24ABC7B400018F12 /* ContentView.swift */,
				8A09241A24ABC86000018F12 /* LocationService.swift */,
				8A0923FE24ABC7B600018F12 /* Assets.xcassets */,
				8A09240324ABC7B600018F12 /* LaunchScreen.storyboard */,
				8A09240624ABC7B600018F12 /* Info.plist */,
				8A09240024ABC7B600018F12 /* Preview Content */,
			);
			path = LocationSearch;
			sourceTree = "<group>";
		};
		8A09240024ABC7B600018F12 /* Preview Content */ = {
			isa = PBXGroup;
			children = (
				8A09240124ABC7B600018F12 /* Preview Assets.xcassets */,
			);
			path = "Preview Content";
			sourceTree = "<group>";
		};
		8A09240E24ABC7B700018F12 /* LocationSearchTests */ = {
			isa = PBXGroup;
			children = (
				8A09240F24ABC7B700018F12 /* LocationSearchTests.swift */,
				8A09241124ABC7B700018F12 /* Info.plist */,
			);
			path = LocationSearchTests;
			sourceTree = "<group>";
		};
/* End PBXGroup section */

/* Begin PBXNativeTarget section */
		8A0923F424ABC7B400018F12 /* LocationSearch */ = {
			isa = PBXNativeTarget;
			buildConfigurationList = 8A09241424ABC7B700018F12 /* Build configuration list for PBXNativeTarget "LocationSearch" */;
			buildPhases = (
				8A0923F124ABC7B400018F12 /* Sources */,
				8A0923F224ABC7B400018F12 /* Frameworks */,
				8A0923F324ABC7B400018F12 /* Resources */,
			);
			buildRules = (
			);
			dependencies = (
			);
			name = LocationSearch;
			productName = LocationSearch;
			productReference = 8A0923F524ABC7B400018F12 /* LocationSearch.app */;
			productType = "com.apple.product-type.application";
		};
		8A09240A24ABC7B700018F12 /* LocationSearchTests */ = {
			isa = PBXNativeTarget;
			buildConfigurationList = 8A09241724ABC7B700018F12 /* Build configuration list for PBXNativeTarget "LocationSearchTests" */;
			buildPhases = (
				8A09240724ABC7B700018F12 /* Sources */,
				8A09240824ABC7B700018F12 /* Frameworks */,
				8A09240924ABC7B700018F12 /* Resources */,
			);
			buildRules = (
			);
			dependencies = (
				8A09240D24ABC7B700018F12 /* PBXTargetDependency */,
			);
			name = LocationSearchTests;
			productName = LocationSearchTests;
			productReference = 8A09240B24ABC7B700018F12 /* LocationSearchTests.xctest */;
			productType = "com.apple.product-type.bundle.unit-test";
		};
/* End PBXNativeTarget section */

/* Begin PBXProject section */
		8A0923ED24ABC7B400018F12 /* Project object */ = {
			isa = PBXProject;
			attributes = {
				LastSwiftUpdateCheck = 1150;
				LastUpgradeCheck = 1150;
				ORGANIZATIONNAME = "Peter Alt";
				TargetAttributes = {
					8A0923F424ABC7B400018F12 = {
						CreatedOnToolsVersion = 11.5;
					};
					8A09240A24ABC7B700018F12 = {
						CreatedOnToolsVersion = 11.5;
						TestTargetID = 8A0923F424ABC7B400018F12;
					};
				};
			};
			buildConfigurationList = 8A0923F024ABC7B400018F12 /* Build configuration list for PBXProject "LocationSearch" */;
			compatibilityVersion = "Xcode 9.3";
			developmentRegion = en;
			hasScannedForEncodings = 0;
			knownRegions = (
				en,
				Base,
			);
			mainGroup = 8A0923EC24ABC7B400018F12;
			productRefGroup = 8A0923F624ABC7B400018F12 /* Products */;
			projectDirPath = "";
			projectRoot = "";
			targets = (
				8A0923F424ABC7B400018F12 /* LocationSearch */,
				8A09240A24ABC7B700018F12 /* LocationSearchTests */,
			);
		};
/* End PBXProject section */

/* Begin PBXResourcesBuildPhase section */
		8A0923F324ABC7B400018F12 /* Resources */ = {
			isa = PBXResourcesBuildPhase;
			buildActionMask = 2147483647;
			files = (
				8A09240524ABC7B600018F12 /* LaunchScreen.storyboard in Resources */,
				8A09240224ABC7B600018F12 /* Preview Assets.xcassets in Resources */,
				8A3E361D24AD781900BA8DCA /* Readme.md in Resources */,
				8A0923FF24ABC7B600018F12 /* Assets.xcassets in Resources */,
			);
			runOnlyForDeploymentPostprocessing = 0;
		};
		8A09240924ABC7B700018F12 /* Resources */ = {
			isa = PBXResourcesBuildPhase;
			buildActionMask = 2147483647;
			files = (
			);
			runOnlyForDeploymentPostprocessing = 0;
		};
/* End PBXResourcesBuildPhase section */

/* Begin PBXSourcesBuildPhase section */
		8A0923F124ABC7B400018F12 /* Sources */ = {
			isa = PBXSourcesBuildPhase;
			buildActionMask = 2147483647;
			files = (
				8A0923F924ABC7B400018F12 /* AppDelegate.swift in Sources */,
				8A0923FB24ABC7B400018F12 /* SceneDelegate.swift in Sources */,
				8A09241B24ABC86000018F12 /* LocationService.swift in Sources */,
				8A0923FD24ABC7B400018F12 /* ContentView.swift in Sources */,
			);
			runOnlyForDeploymentPostprocessing = 0;
		};
		8A09240724ABC7B700018F12 /* Sources */ = {
			isa = PBXSourcesBuildPhase;
			buildActionMask = 2147483647;
			files = (
				8A09241024ABC7B700018F12 /* LocationSearchTests.swift in Sources */,
			);
			runOnlyForDeploymentPostprocessing = 0;
		};
/* End PBXSourcesBuildPhase section */

/* Begin PBXTargetDependency section */
		8A09240D24ABC7B700018F12 /* PBXTargetDependency */ = {
			isa = PBXTargetDependency;
			target = 8A0923F424ABC7B400018F12 /* LocationSearch */;
			targetProxy = 8A09240C24ABC7B700018F12 /* PBXContainerItemProxy */;
		};
/* End PBXTargetDependency section */

/* Begin PBXVariantGroup section */
		8A09240324ABC7B600018F12 /* LaunchScreen.storyboard */ = {
			isa = PBXVariantGroup;
			children = (
				8A09240424ABC7B600018F12 /* Base */,
			);
			name = LaunchScreen.storyboard;
			sourceTree = "<group>";
		};
/* End PBXVariantGroup section */

/* Begin XCBuildConfiguration section */
		8A09241224ABC7B700018F12 /* Debug */ = {
			isa = XCBuildConfiguration;
			buildSettings = {
				ALWAYS_SEARCH_USER_PATHS = NO;
				CLANG_ANALYZER_NONNULL = YES;
				CLANG_ANALYZER_NUMBER_OBJECT_CONVERSION = YES_AGGRESSIVE;
				CLANG_CXX_LANGUAGE_STANDARD = "gnu++14";
				CLANG_CXX_LIBRARY = "libc++";
				CLANG_ENABLE_MODULES = YES;
				CLANG_ENABLE_OBJC_ARC = YES;
				CLANG_ENABLE_OBJC_WEAK = YES;
				CLANG_WARN_BLOCK_CAPTURE_AUTORELEASING = YES;
				CLANG_WARN_BOOL_CONVERSION = YES;
				CLANG_WARN_COMMA = YES;
				CLANG_WARN_CONSTANT_CONVERSION = YES;
				CLANG_WARN_DEPRECATED_OBJC_IMPLEMENTATIONS = YES;
				CLANG_WARN_DIRECT_OBJC_ISA_USAGE = YES_ERROR;
				CLANG_WARN_DOCUMENTATION_COMMENTS = YES;
				CLANG_WARN_EMPTY_BODY = YES;
				CLANG_WARN_ENUM_CONVERSION = YES;
				CLANG_WARN_INFINITE_RECURSION = YES;
				CLANG_WARN_INT_CONVERSION = YES;
				CLANG_WARN_NON_LITERAL_NULL_CONVERSION = YES;
				CLANG_WARN_OBJC_IMPLICIT_RETAIN_SELF = YES;
				CLANG_WARN_OBJC_LITERAL_CONVERSION = YES;
				CLANG_WARN_OBJC_ROOT_CLASS = YES_ERROR;
				CLANG_WARN_RANGE_LOOP_ANALYSIS = YES;
				CLANG_WARN_STRICT_PROTOTYPES = YES;
				CLANG_WARN_SUSPICIOUS_MOVE = YES;
				CLANG_WARN_UNGUARDED_AVAILABILITY = YES_AGGRESSIVE;
				CLANG_WARN_UNREACHABLE_CODE = YES;
				CLANG_WARN__DUPLICATE_METHOD_MATCH = YES;
				COPY_PHASE_STRIP = NO;
				DEBUG_INFORMATION_FORMAT = dwarf;
				ENABLE_STRICT_OBJC_MSGSEND = YES;
				ENABLE_TESTABILITY = YES;
				GCC_C_LANGUAGE_STANDARD = gnu11;
				GCC_DYNAMIC_NO_PIC = NO;
				GCC_NO_COMMON_BLOCKS = YES;
				GCC_OPTIMIZATION_LEVEL = 0;
				GCC_PREPROCESSOR_DEFINITIONS = (
					"DEBUG=1",
					"$(inherited)",
				);
				GCC_WARN_64_TO_32_BIT_CONVERSION = YES;
				GCC_WARN_ABOUT_RETURN_TYPE = YES_ERROR;
				GCC_WARN_UNDECLARED_SELECTOR = YES;
				GCC_WARN_UNINITIALIZED_AUTOS = YES_AGGRESSIVE;
				GCC_WARN_UNUSED_FUNCTION = YES;
				GCC_WARN_UNUSED_VARIABLE = YES;
				IPHONEOS_DEPLOYMENT_TARGET = 13.5;
				MTL_ENABLE_DEBUG_INFO = INCLUDE_SOURCE;
				MTL_FAST_MATH = YES;
				ONLY_ACTIVE_ARCH = YES;
				SDKROOT = iphoneos;
				SWIFT_ACTIVE_COMPILATION_CONDITIONS = DEBUG;
				SWIFT_OPTIMIZATION_LEVEL = "-Onone";
			};
			name = Debug;
		};
		8A09241324ABC7B700018F12 /* Release */ = {
			isa = XCBuildConfiguration;
			buildSettings = {
				ALWAYS_SEARCH_USER_PATHS = NO;
				CLANG_ANALYZER_NONNULL = YES;
				CLANG_ANALYZER_NUMBER_OBJECT_CONVERSION = YES_AGGRESSIVE;
				CLANG_CXX_LANGUAGE_STANDARD = "gnu++14";
				CLANG_CXX_LIBRARY = "libc++";
				CLANG_ENABLE_MODULES = YES;
				CLANG_ENABLE_OBJC_ARC = YES;
				CLANG_ENABLE_OBJC_WEAK = YES;
				CLANG_WARN_BLOCK_CAPTURE_AUTORELEASING = YES;
				CLANG_WARN_BOOL_CONVERSION = YES;
				CLANG_WARN_COMMA = YES;
				CLANG_WARN_CONSTANT_CONVERSION = YES;
				CLANG_WARN_DEPRECATED_OBJC_IMPLEMENTATIONS = YES;
				CLANG_WARN_DIRECT_OBJC_ISA_USAGE = YES_ERROR;
				CLANG_WARN_DOCUMENTATION_COMMENTS = YES;
				CLANG_WARN_EMPTY_BODY = YES;
				CLANG_WARN_ENUM_CONVERSION = YES;
				CLANG_WARN_INFINITE_RECURSION = YES;
				CLANG_WARN_INT_CONVERSION = YES;
				CLANG_WARN_NON_LITERAL_NULL_CONVERSION = YES;
				CLANG_WARN_OBJC_IMPLICIT_RETAIN_SELF = YES;
				CLANG_WARN_OBJC_LITERAL_CONVERSION = YES;
				CLANG_WARN_OBJC_ROOT_CLASS = YES_ERROR;
				CLANG_WARN_RANGE_LOOP_ANALYSIS = YES;
				CLANG_WARN_STRICT_PROTOTYPES = YES;
				CLANG_WARN_SUSPICIOUS_MOVE = YES;
				CLANG_WARN_UNGUARDED_AVAILABILITY = YES_AGGRESSIVE;
				CLANG_WARN_UNREACHABLE_CODE = YES;
				CLANG_WARN__DUPLICATE_METHOD_MATCH = YES;
				COPY_PHASE_STRIP = NO;
				DEBUG_INFORMATION_FORMAT = "dwarf-with-dsym";
				ENABLE_NS_ASSERTIONS = NO;
				ENABLE_STRICT_OBJC_MSGSEND = YES;
				GCC_C_LANGUAGE_STANDARD = gnu11;
				GCC_NO_COMMON_BLOCKS = YES;
				GCC_WARN_64_TO_32_BIT_CONVERSION = YES;
				GCC_WARN_ABOUT_RETURN_TYPE = YES_ERROR;
				GCC_WARN_UNDECLARED_SELECTOR = YES;
				GCC_WARN_UNINITIALIZED_AUTOS = YES_AGGRESSIVE;
				GCC_WARN_UNUSED_FUNCTION = YES;
				GCC_WARN_UNUSED_VARIABLE = YES;
				IPHONEOS_DEPLOYMENT_TARGET = 13.5;
				MTL_ENABLE_DEBUG_INFO = NO;
				MTL_FAST_MATH = YES;
				SDKROOT = iphoneos;
				SWIFT_COMPILATION_MODE = wholemodule;
				SWIFT_OPTIMIZATION_LEVEL = "-O";
				VALIDATE_PRODUCT = YES;
			};
			name = Release;
		};
		8A09241524ABC7B700018F12 /* Debug */ = {
			isa = XCBuildConfiguration;
			buildSettings = {
				ASSETCATALOG_COMPILER_APPICON_NAME = AppIcon;
				CODE_SIGN_STYLE = Automatic;
				DEVELOPMENT_ASSET_PATHS = "\"LocationSearch/Preview Content\"";
				ENABLE_PREVIEWS = YES;
				INFOPLIST_FILE = LocationSearch/Info.plist;
				LD_RUNPATH_SEARCH_PATHS = (
					"$(inherited)",
					"@executable_path/Frameworks",
				);
				PRODUCT_BUNDLE_IDENTIFIER = com.altinteractive.LocationSearch;
				PRODUCT_NAME = "$(TARGET_NAME)";
				SWIFT_VERSION = 5.0;
				TARGETED_DEVICE_FAMILY = "1,2";
			};
			name = Debug;
		};
		8A09241624ABC7B700018F12 /* Release */ = {
			isa = XCBuildConfiguration;
			buildSettings = {
				ASSETCATALOG_COMPILER_APPICON_NAME = AppIcon;
				CODE_SIGN_STYLE = Automatic;
				DEVELOPMENT_ASSET_PATHS = "\"LocationSearch/Preview Content\"";
				ENABLE_PREVIEWS = YES;
				INFOPLIST_FILE = LocationSearch/Info.plist;
				LD_RUNPATH_SEARCH_PATHS = (
					"$(inherited)",
					"@executable_path/Frameworks",
				);
				PRODUCT_BUNDLE_IDENTIFIER = com.altinteractive.LocationSearch;
				PRODUCT_NAME = "$(TARGET_NAME)";
				SWIFT_VERSION = 5.0;
				TARGETED_DEVICE_FAMILY = "1,2";
			};
			name = Release;
		};
		8A09241824ABC7B700018F12 /* Debug */ = {
			isa = XCBuildConfiguration;
			buildSettings = {
				ALWAYS_EMBED_SWIFT_STANDARD_LIBRARIES = YES;
				BUNDLE_LOADER = "$(TEST_HOST)";
				CODE_SIGN_STYLE = Automatic;
				INFOPLIST_FILE = LocationSearchTests/Info.plist;
				IPHONEOS_DEPLOYMENT_TARGET = 13.5;
				LD_RUNPATH_SEARCH_PATHS = (
					"$(inherited)",
					"@executable_path/Frameworks",
					"@loader_path/Frameworks",
				);
				PRODUCT_BUNDLE_IDENTIFIER = com.altinteractive.LocationSearchTests;
				PRODUCT_NAME = "$(TARGET_NAME)";
				SWIFT_VERSION = 5.0;
				TARGETED_DEVICE_FAMILY = "1,2";
				TEST_HOST = "$(BUILT_PRODUCTS_DIR)/LocationSearch.app/LocationSearch";
			};
			name = Debug;
		};
		8A09241924ABC7B700018F12 /* Release */ = {
			isa = XCBuildConfiguration;
			buildSettings = {
				ALWAYS_EMBED_SWIFT_STANDARD_LIBRARIES = YES;
				BUNDLE_LOADER = "$(TEST_HOST)";
				CODE_SIGN_STYLE = Automatic;
				INFOPLIST_FILE = LocationSearchTests/Info.plist;
				IPHONEOS_DEPLOYMENT_TARGET = 13.5;
				LD_RUNPATH_SEARCH_PATHS = (
					"$(inherited)",
					"@executable_path/Frameworks",
					"@loader_path/Frameworks",
				);
				PRODUCT_BUNDLE_IDENTIFIER = com.altinteractive.LocationSearchTests;
				PRODUCT_NAME = "$(TARGET_NAME)";
				SWIFT_VERSION = 5.0;
				TARGETED_DEVICE_FAMILY = "1,2";
				TEST_HOST = "$(BUILT_PRODUCTS_DIR)/LocationSearch.app/LocationSearch";
			};
			name = Release;
		};
/* End XCBuildConfiguration section */

/* Begin XCConfigurationList section */
		8A0923F024ABC7B400018F12 /* Build configuration list for PBXProject "LocationSearch" */ = {
			isa = XCConfigurationList;
			buildConfigurations = (
				8A09241224ABC7B700018F12 /* Debug */,
				8A09241324ABC7B700018F12 /* Release */,
			);
			defaultConfigurationIsVisible = 0;
			defaultConfigurationName = Release;
		};
		8A09241424ABC7B700018F12 /* Build configuration list for PBXNativeTarget "LocationSearch" */ = {
			isa = XCConfigurationList;
			buildConfigurations = (
				8A09241524ABC7B700018F12 /* Debug */,
				8A09241624ABC7B700018F12 /* Release */,
			);
			defaultConfigurationIsVisible = 0;
			defaultConfigurationName = Release;
		};
		8A09241724ABC7B700018F12 /* Build configuration list for PBXNativeTarget "LocationSearchTests" */ = {
			isa = XCConfigurationList;
			buildConfigurations = (
				8A09241824ABC7B700018F12 /* Debug */,
				8A09241924ABC7B700018F12 /* Release */,
			);
			defaultConfigurationIsVisible = 0;
			defaultConfigurationName = Release;
		};
/* End XCConfigurationList section */
	};
	rootObject = 8A0923ED24ABC7B400018F12 /* Project object */;
}
